// !$*UTF8*$!
{
	archiveVersion = 1;
	classes = {
	};
	objectVersion = 48;
	objects = {

/* Begin PBXBuildFile section */
		2185A0CFBD52CF35D02F8C31 /* Pods_av_belyaevTests.framework in Frameworks */ = {isa = PBXBuildFile; fileRef = 86C1B3185A10CC0162A5EEDB /* Pods_av_belyaevTests.framework */; };
		6E106B18174EC561D1487FC5 /* Pods_av_belyaevUITests.framework in Frameworks */ = {isa = PBXBuildFile; fileRef = 273649218A489231243F2C8E /* Pods_av_belyaevUITests.framework */; };
		9AF21B82D5474463E3A1484F /* Pods_av_belyaev.framework in Frameworks */ = {isa = PBXBuildFile; fileRef = 5194E9C1AB5A7E08E28D1BD8 /* Pods_av_belyaev.framework */; };
		AC02CB22C517A3452D51B861 /* UserDataRequestFactoryTests.swift in Sources */ = {isa = PBXBuildFile; fileRef = AC02C9F959C959C13E78ED42 /* UserDataRequestFactoryTests.swift */; };
		AE214AD820F24EFE003F960D /* AbstractErrorParser.swift in Sources */ = {isa = PBXBuildFile; fileRef = AE214AD720F24EFE003F960D /* AbstractErrorParser.swift */; };
		AE214ADA20F24FB3003F960D /* ErrorParser.swift in Sources */ = {isa = PBXBuildFile; fileRef = AE214AD920F24FB3003F960D /* ErrorParser.swift */; };
		AE214ADC20F2526D003F960D /* ResponceCodable.swift in Sources */ = {isa = PBXBuildFile; fileRef = AE214ADB20F2526D003F960D /* ResponceCodable.swift */; };
		AE41F99D20EB779F002D96E6 /* AppDelegate.swift in Sources */ = {isa = PBXBuildFile; fileRef = AE41F99C20EB779F002D96E6 /* AppDelegate.swift */; };
		AE41F9A420EB779F002D96E6 /* Assets.xcassets in Resources */ = {isa = PBXBuildFile; fileRef = AE41F9A320EB779F002D96E6 /* Assets.xcassets */; };
		AE41F9A720EB779F002D96E6 /* LaunchScreen.storyboard in Resources */ = {isa = PBXBuildFile; fileRef = AE41F9A520EB779F002D96E6 /* LaunchScreen.storyboard */; };
		AE41F9B220EB779F002D96E6 /* av_belyaevTests.swift in Sources */ = {isa = PBXBuildFile; fileRef = AE41F9B120EB779F002D96E6 /* av_belyaevTests.swift */; };
		AE41F9BD20EB779F002D96E6 /* av_belyaevUITests.swift in Sources */ = {isa = PBXBuildFile; fileRef = AE41F9BC20EB779F002D96E6 /* av_belyaevUITests.swift */; };
		AE4629A220FA259900193626 /* ChangeUserData.json in Resources */ = {isa = PBXBuildFile; fileRef = AC02CC26D0E7C874CE0DBBE0 /* ChangeUserData.json */; };
		AE4629A320FA25CA00193626 /* Login.json in Resources */ = {isa = PBXBuildFile; fileRef = AEA27C3720FA0B52006BB525 /* Login.json */; };
		AE4629A420FA25CA00193626 /* Logout.json in Resources */ = {isa = PBXBuildFile; fileRef = AEA27C3920FA1320006BB525 /* Logout.json */; };
		AE4629A520FA25CA00193626 /* Register.json in Resources */ = {isa = PBXBuildFile; fileRef = AEA27C3B20FA14A5006BB525 /* Register.json */; };
		AE4629A620FA25CA00193626 /* ChangeUserData.json in Resources */ = {isa = PBXBuildFile; fileRef = AC02CC26D0E7C874CE0DBBE0 /* ChangeUserData.json */; };
		AE4629A820FA2B9C00193626 /* CatalogRequestFactory.swift in Sources */ = {isa = PBXBuildFile; fileRef = AE4629A720FA2B9C00193626 /* CatalogRequestFactory.swift */; };
		AE4629AA20FA2CF700193626 /* Catalog.swift in Sources */ = {isa = PBXBuildFile; fileRef = AE4629A920FA2CF700193626 /* Catalog.swift */; };
		AE4629AC20FA303400193626 /* ProductLight.swift in Sources */ = {isa = PBXBuildFile; fileRef = AE4629AB20FA303400193626 /* ProductLight.swift */; };
		AE4629AE20FA320100193626 /* ProductFull.swift in Sources */ = {isa = PBXBuildFile; fileRef = AE4629AD20FA320100193626 /* ProductFull.swift */; };
		AE4629B020FA3E5500193626 /* Catalog.json in Resources */ = {isa = PBXBuildFile; fileRef = AE4629AF20FA3E5500193626 /* Catalog.json */; };
		AE4629B420FA41FE00193626 /* Product.json in Resources */ = {isa = PBXBuildFile; fileRef = AE4629B320FA41FE00193626 /* Product.json */; };
		AE4629B620FA426700193626 /* CatalogReguestFactoryTests.swift in Sources */ = {isa = PBXBuildFile; fileRef = AE4629B520FA426700193626 /* CatalogReguestFactoryTests.swift */; };
		AE4629B720FA450F00193626 /* Catalog.json in Resources */ = {isa = PBXBuildFile; fileRef = AE4629AF20FA3E5500193626 /* Catalog.json */; };
		AE4629B820FA450F00193626 /* Product.json in Resources */ = {isa = PBXBuildFile; fileRef = AE4629B320FA41FE00193626 /* Product.json */; };
		AEA23FE820F2589800D755B0 /* AbstractRequestFactory.swift in Sources */ = {isa = PBXBuildFile; fileRef = AEA23FE720F2589800D755B0 /* AbstractRequestFactory.swift */; };
		AEA23FEA20F25AEE00D755B0 /* RequestRouter.swift in Sources */ = {isa = PBXBuildFile; fileRef = AEA23FE920F25AEE00D755B0 /* RequestRouter.swift */; };
		AEA23FED20F26A0400D755B0 /* User.swift in Sources */ = {isa = PBXBuildFile; fileRef = AEA23FEC20F26A0400D755B0 /* User.swift */; };
		AEA27C2920F9E0F8006BB525 /* UserData.swift in Sources */ = {isa = PBXBuildFile; fileRef = AEA27C2820F9E0F8006BB525 /* UserData.swift */; };
		AEA27C2B20F9E11A006BB525 /* BaseRequestFactory.swift in Sources */ = {isa = PBXBuildFile; fileRef = AEA27C2A20F9E11A006BB525 /* BaseRequestFactory.swift */; };
		AEA27C2D20F9E782006BB525 /* UserInfo.swift in Sources */ = {isa = PBXBuildFile; fileRef = AEA27C2C20F9E782006BB525 /* UserInfo.swift */; };
		AEA27C2F20F9F997006BB525 /* ResponseCodableTest.swift in Sources */ = {isa = PBXBuildFile; fileRef = AEA27C2E20F9F997006BB525 /* ResponseCodableTest.swift */; };
		AEA27C3120FA02E0006BB525 /* RequestFactoryMock.swift in Sources */ = {isa = PBXBuildFile; fileRef = AEA27C3020FA02DF006BB525 /* RequestFactoryMock.swift */; };
		AEA27C3320FA03B3006BB525 /* ErrorParserStubs.swift in Sources */ = {isa = PBXBuildFile; fileRef = AEA27C3220FA03B3006BB525 /* ErrorParserStubs.swift */; };
		AEA27C3520FA04B7006BB525 /* AuthRequestFactoryTests.swift in Sources */ = {isa = PBXBuildFile; fileRef = AEA27C3420FA04B7006BB525 /* AuthRequestFactoryTests.swift */; };
		AEA27C3820FA0B52006BB525 /* Login.json in Resources */ = {isa = PBXBuildFile; fileRef = AEA27C3720FA0B52006BB525 /* Login.json */; };
		AEA27C3A20FA1320006BB525 /* Logout.json in Resources */ = {isa = PBXBuildFile; fileRef = AEA27C3920FA1320006BB525 /* Logout.json */; };
		AEA27C3C20FA14A5006BB525 /* Register.json in Resources */ = {isa = PBXBuildFile; fileRef = AEA27C3B20FA14A5006BB525 /* Register.json */; };
		AEB394D020F26BC100245DAA /* AuthRequestFactory.swift in Sources */ = {isa = PBXBuildFile; fileRef = AEB394CF20F26BC100245DAA /* AuthRequestFactory.swift */; };
		AEB394D220F26CC000245DAA /* Auth.swift in Sources */ = {isa = PBXBuildFile; fileRef = AEB394D120F26CC000245DAA /* Auth.swift */; };
		AEB394D520F2740100245DAA /* RequestFactory.swift in Sources */ = {isa = PBXBuildFile; fileRef = AEB394D420F2740100245DAA /* RequestFactory.swift */; };
		AEB394DA20F3AADA00245DAA /* RegistrationMessage.swift in Sources */ = {isa = PBXBuildFile; fileRef = AEB394D920F3AADA00245DAA /* RegistrationMessage.swift */; };
		AEB394DE20F3B32200245DAA /* UserDataRequestFactory.swift in Sources */ = {isa = PBXBuildFile; fileRef = AEB394DD20F3B32200245DAA /* UserDataRequestFactory.swift */; };
		AEB394E020F3B35C00245DAA /* ModificationMessage.swift in Sources */ = {isa = PBXBuildFile; fileRef = AEB394DF20F3B35C00245DAA /* ModificationMessage.swift */; };
		AEB394E420F3BEEA00245DAA /* LogoutMessage.swift in Sources */ = {isa = PBXBuildFile; fileRef = AEB394E320F3BEEA00245DAA /* LogoutMessage.swift */; };
/* End PBXBuildFile section */

/* Begin PBXContainerItemProxy section */
		AE41F9AE20EB779F002D96E6 /* PBXContainerItemProxy */ = {
			isa = PBXContainerItemProxy;
			containerPortal = AE41F99120EB779F002D96E6 /* Project object */;
			proxyType = 1;
			remoteGlobalIDString = AE41F99820EB779F002D96E6;
			remoteInfo = av.belyaev;
		};
		AE41F9B920EB779F002D96E6 /* PBXContainerItemProxy */ = {
			isa = PBXContainerItemProxy;
			containerPortal = AE41F99120EB779F002D96E6 /* Project object */;
			proxyType = 1;
			remoteGlobalIDString = AE41F99820EB779F002D96E6;
			remoteInfo = av.belyaev;
		};
/* End PBXContainerItemProxy section */

/* Begin PBXFileReference section */
		18961FED03253CEF6D3D31FC /* Pods-av.belyaevUITests.release.xcconfig */ = {isa = PBXFileReference; includeInIndex = 1; lastKnownFileType = text.xcconfig; name = "Pods-av.belyaevUITests.release.xcconfig"; path = "Pods/Target Support Files/Pods-av.belyaevUITests/Pods-av.belyaevUITests.release.xcconfig"; sourceTree = "<group>"; };
		273649218A489231243F2C8E /* Pods_av_belyaevUITests.framework */ = {isa = PBXFileReference; explicitFileType = wrapper.framework; includeInIndex = 0; path = Pods_av_belyaevUITests.framework; sourceTree = BUILT_PRODUCTS_DIR; };
		3A9994B3A23D734A0C11BD17 /* Pods-av.belyaevUITests.debug.xcconfig */ = {isa = PBXFileReference; includeInIndex = 1; lastKnownFileType = text.xcconfig; name = "Pods-av.belyaevUITests.debug.xcconfig"; path = "Pods/Target Support Files/Pods-av.belyaevUITests/Pods-av.belyaevUITests.debug.xcconfig"; sourceTree = "<group>"; };
		48C01E5B66EBCCB82FED80A7 /* Pods-av.belyaev.debug.xcconfig */ = {isa = PBXFileReference; includeInIndex = 1; lastKnownFileType = text.xcconfig; name = "Pods-av.belyaev.debug.xcconfig"; path = "Pods/Target Support Files/Pods-av.belyaev/Pods-av.belyaev.debug.xcconfig"; sourceTree = "<group>"; };
		5194E9C1AB5A7E08E28D1BD8 /* Pods_av_belyaev.framework */ = {isa = PBXFileReference; explicitFileType = wrapper.framework; includeInIndex = 0; path = Pods_av_belyaev.framework; sourceTree = BUILT_PRODUCTS_DIR; };
		86C1B3185A10CC0162A5EEDB /* Pods_av_belyaevTests.framework */ = {isa = PBXFileReference; explicitFileType = wrapper.framework; includeInIndex = 0; path = Pods_av_belyaevTests.framework; sourceTree = BUILT_PRODUCTS_DIR; };
		9DBB73AC05789BCB3FC954A4 /* Pods-av.belyaev.release.xcconfig */ = {isa = PBXFileReference; includeInIndex = 1; lastKnownFileType = text.xcconfig; name = "Pods-av.belyaev.release.xcconfig"; path = "Pods/Target Support Files/Pods-av.belyaev/Pods-av.belyaev.release.xcconfig"; sourceTree = "<group>"; };
		AC02C9F959C959C13E78ED42 /* UserDataRequestFactoryTests.swift */ = {isa = PBXFileReference; fileEncoding = 4; lastKnownFileType = sourcecode.swift; path = UserDataRequestFactoryTests.swift; sourceTree = "<group>"; };
		AC02CC26D0E7C874CE0DBBE0 /* ChangeUserData.json */ = {isa = PBXFileReference; fileEncoding = 4; lastKnownFileType = text.json; path = ChangeUserData.json; sourceTree = "<group>"; };
		AE214AD720F24EFE003F960D /* AbstractErrorParser.swift */ = {isa = PBXFileReference; lastKnownFileType = sourcecode.swift; path = AbstractErrorParser.swift; sourceTree = "<group>"; };
		AE214AD920F24FB3003F960D /* ErrorParser.swift */ = {isa = PBXFileReference; lastKnownFileType = sourcecode.swift; path = ErrorParser.swift; sourceTree = "<group>"; };
		AE214ADB20F2526D003F960D /* ResponceCodable.swift */ = {isa = PBXFileReference; lastKnownFileType = sourcecode.swift; path = ResponceCodable.swift; sourceTree = "<group>"; };
		AE41F99920EB779F002D96E6 /* av.belyaev.app */ = {isa = PBXFileReference; explicitFileType = wrapper.application; includeInIndex = 0; path = av.belyaev.app; sourceTree = BUILT_PRODUCTS_DIR; };
		AE41F99C20EB779F002D96E6 /* AppDelegate.swift */ = {isa = PBXFileReference; lastKnownFileType = sourcecode.swift; path = AppDelegate.swift; sourceTree = "<group>"; };
		AE41F9A320EB779F002D96E6 /* Assets.xcassets */ = {isa = PBXFileReference; lastKnownFileType = folder.assetcatalog; path = Assets.xcassets; sourceTree = "<group>"; };
		AE41F9A620EB779F002D96E6 /* Base */ = {isa = PBXFileReference; lastKnownFileType = file.storyboard; name = Base; path = Base.lproj/LaunchScreen.storyboard; sourceTree = "<group>"; };
		AE41F9A820EB779F002D96E6 /* Info.plist */ = {isa = PBXFileReference; lastKnownFileType = text.plist.xml; path = Info.plist; sourceTree = "<group>"; };
		AE41F9AD20EB779F002D96E6 /* av.belyaevTests.xctest */ = {isa = PBXFileReference; explicitFileType = wrapper.cfbundle; includeInIndex = 0; path = av.belyaevTests.xctest; sourceTree = BUILT_PRODUCTS_DIR; };
		AE41F9B120EB779F002D96E6 /* av_belyaevTests.swift */ = {isa = PBXFileReference; lastKnownFileType = sourcecode.swift; path = av_belyaevTests.swift; sourceTree = "<group>"; };
		AE41F9B320EB779F002D96E6 /* Info.plist */ = {isa = PBXFileReference; lastKnownFileType = text.plist.xml; path = Info.plist; sourceTree = "<group>"; };
		AE41F9B820EB779F002D96E6 /* av.belyaevUITests.xctest */ = {isa = PBXFileReference; explicitFileType = wrapper.cfbundle; includeInIndex = 0; path = av.belyaevUITests.xctest; sourceTree = BUILT_PRODUCTS_DIR; };
		AE41F9BC20EB779F002D96E6 /* av_belyaevUITests.swift */ = {isa = PBXFileReference; lastKnownFileType = sourcecode.swift; path = av_belyaevUITests.swift; sourceTree = "<group>"; };
		AE41F9BE20EB779F002D96E6 /* Info.plist */ = {isa = PBXFileReference; lastKnownFileType = text.plist.xml; path = Info.plist; sourceTree = "<group>"; };
		AE4629A720FA2B9C00193626 /* CatalogRequestFactory.swift */ = {isa = PBXFileReference; lastKnownFileType = sourcecode.swift; path = CatalogRequestFactory.swift; sourceTree = "<group>"; };
		AE4629A920FA2CF700193626 /* Catalog.swift */ = {isa = PBXFileReference; lastKnownFileType = sourcecode.swift; path = Catalog.swift; sourceTree = "<group>"; };
		AE4629AB20FA303400193626 /* ProductLight.swift */ = {isa = PBXFileReference; lastKnownFileType = sourcecode.swift; path = ProductLight.swift; sourceTree = "<group>"; };
		AE4629AD20FA320100193626 /* ProductFull.swift */ = {isa = PBXFileReference; lastKnownFileType = sourcecode.swift; path = ProductFull.swift; sourceTree = "<group>"; };
		AE4629AF20FA3E5500193626 /* Catalog.json */ = {isa = PBXFileReference; lastKnownFileType = text.json; path = Catalog.json; sourceTree = "<group>"; };
		AE4629B320FA41FE00193626 /* Product.json */ = {isa = PBXFileReference; lastKnownFileType = text.json; path = Product.json; sourceTree = "<group>"; };
		AE4629B520FA426700193626 /* CatalogReguestFactoryTests.swift */ = {isa = PBXFileReference; lastKnownFileType = sourcecode.swift; path = CatalogReguestFactoryTests.swift; sourceTree = "<group>"; };
		AEA23FE720F2589800D755B0 /* AbstractRequestFactory.swift */ = {isa = PBXFileReference; lastKnownFileType = sourcecode.swift; path = AbstractRequestFactory.swift; sourceTree = "<group>"; };
		AEA23FE920F25AEE00D755B0 /* RequestRouter.swift */ = {isa = PBXFileReference; lastKnownFileType = sourcecode.swift; path = RequestRouter.swift; sourceTree = "<group>"; };
		AEA23FEC20F26A0400D755B0 /* User.swift */ = {isa = PBXFileReference; lastKnownFileType = sourcecode.swift; path = User.swift; sourceTree = "<group>"; };
		AEA27C2820F9E0F8006BB525 /* UserData.swift */ = {isa = PBXFileReference; lastKnownFileType = sourcecode.swift; path = UserData.swift; sourceTree = "<group>"; };
		AEA27C2A20F9E11A006BB525 /* BaseRequestFactory.swift */ = {isa = PBXFileReference; lastKnownFileType = sourcecode.swift; path = BaseRequestFactory.swift; sourceTree = "<group>"; };
		AEA27C2C20F9E782006BB525 /* UserInfo.swift */ = {isa = PBXFileReference; lastKnownFileType = sourcecode.swift; path = UserInfo.swift; sourceTree = "<group>"; };
		AEA27C2E20F9F997006BB525 /* ResponseCodableTest.swift */ = {isa = PBXFileReference; lastKnownFileType = sourcecode.swift; path = ResponseCodableTest.swift; sourceTree = "<group>"; };
		AEA27C3020FA02DF006BB525 /* RequestFactoryMock.swift */ = {isa = PBXFileReference; lastKnownFileType = sourcecode.swift; path = RequestFactoryMock.swift; sourceTree = "<group>"; };
		AEA27C3220FA03B3006BB525 /* ErrorParserStubs.swift */ = {isa = PBXFileReference; lastKnownFileType = sourcecode.swift; path = ErrorParserStubs.swift; sourceTree = "<group>"; };
		AEA27C3420FA04B7006BB525 /* AuthRequestFactoryTests.swift */ = {isa = PBXFileReference; lastKnownFileType = sourcecode.swift; path = AuthRequestFactoryTests.swift; sourceTree = "<group>"; };
		AEA27C3720FA0B52006BB525 /* Login.json */ = {isa = PBXFileReference; lastKnownFileType = text.json; path = Login.json; sourceTree = "<group>"; };
		AEA27C3920FA1320006BB525 /* Logout.json */ = {isa = PBXFileReference; lastKnownFileType = text.json; path = Logout.json; sourceTree = "<group>"; };
		AEA27C3B20FA14A5006BB525 /* Register.json */ = {isa = PBXFileReference; lastKnownFileType = text.json; path = Register.json; sourceTree = "<group>"; };
		AEB394CF20F26BC100245DAA /* AuthRequestFactory.swift */ = {isa = PBXFileReference; lastKnownFileType = sourcecode.swift; path = AuthRequestFactory.swift; sourceTree = "<group>"; };
		AEB394D120F26CC000245DAA /* Auth.swift */ = {isa = PBXFileReference; lastKnownFileType = sourcecode.swift; path = Auth.swift; sourceTree = "<group>"; };
		AEB394D420F2740100245DAA /* RequestFactory.swift */ = {isa = PBXFileReference; lastKnownFileType = sourcecode.swift; path = RequestFactory.swift; sourceTree = "<group>"; };
		AEB394D920F3AADA00245DAA /* RegistrationMessage.swift */ = {isa = PBXFileReference; lastKnownFileType = sourcecode.swift; path = RegistrationMessage.swift; sourceTree = "<group>"; };
		AEB394DD20F3B32200245DAA /* UserDataRequestFactory.swift */ = {isa = PBXFileReference; lastKnownFileType = sourcecode.swift; path = UserDataRequestFactory.swift; sourceTree = "<group>"; };
		AEB394DF20F3B35C00245DAA /* ModificationMessage.swift */ = {isa = PBXFileReference; lastKnownFileType = sourcecode.swift; path = ModificationMessage.swift; sourceTree = "<group>"; };
		AEB394E320F3BEEA00245DAA /* LogoutMessage.swift */ = {isa = PBXFileReference; lastKnownFileType = sourcecode.swift; path = LogoutMessage.swift; sourceTree = "<group>"; };
		CD5CC5E9BEE7BBC44351770F /* Pods-av.belyaevTests.debug.xcconfig */ = {isa = PBXFileReference; includeInIndex = 1; lastKnownFileType = text.xcconfig; name = "Pods-av.belyaevTests.debug.xcconfig"; path = "Pods/Target Support Files/Pods-av.belyaevTests/Pods-av.belyaevTests.debug.xcconfig"; sourceTree = "<group>"; };
		E8358817210F57FA0E73DBA0 /* Pods-av.belyaevTests.release.xcconfig */ = {isa = PBXFileReference; includeInIndex = 1; lastKnownFileType = text.xcconfig; name = "Pods-av.belyaevTests.release.xcconfig"; path = "Pods/Target Support Files/Pods-av.belyaevTests/Pods-av.belyaevTests.release.xcconfig"; sourceTree = "<group>"; };
/* End PBXFileReference section */

/* Begin PBXFrameworksBuildPhase section */
		AE41F99620EB779F002D96E6 /* Frameworks */ = {
			isa = PBXFrameworksBuildPhase;
			buildActionMask = 2147483647;
			files = (
				9AF21B82D5474463E3A1484F /* Pods_av_belyaev.framework in Frameworks */,
			);
			runOnlyForDeploymentPostprocessing = 0;
		};
		AE41F9AA20EB779F002D96E6 /* Frameworks */ = {
			isa = PBXFrameworksBuildPhase;
			buildActionMask = 2147483647;
			files = (
				2185A0CFBD52CF35D02F8C31 /* Pods_av_belyaevTests.framework in Frameworks */,
			);
			runOnlyForDeploymentPostprocessing = 0;
		};
		AE41F9B520EB779F002D96E6 /* Frameworks */ = {
			isa = PBXFrameworksBuildPhase;
			buildActionMask = 2147483647;
			files = (
				6E106B18174EC561D1487FC5 /* Pods_av_belyaevUITests.framework in Frameworks */,
			);
			runOnlyForDeploymentPostprocessing = 0;
		};
/* End PBXFrameworksBuildPhase section */

/* Begin PBXGroup section */
		67F58C7E235628C49D198444 /* Pods */ = {
			isa = PBXGroup;
			children = (
				48C01E5B66EBCCB82FED80A7 /* Pods-av.belyaev.debug.xcconfig */,
				9DBB73AC05789BCB3FC954A4 /* Pods-av.belyaev.release.xcconfig */,
				CD5CC5E9BEE7BBC44351770F /* Pods-av.belyaevTests.debug.xcconfig */,
				E8358817210F57FA0E73DBA0 /* Pods-av.belyaevTests.release.xcconfig */,
				3A9994B3A23D734A0C11BD17 /* Pods-av.belyaevUITests.debug.xcconfig */,
				18961FED03253CEF6D3D31FC /* Pods-av.belyaevUITests.release.xcconfig */,
			);
			name = Pods;
			sourceTree = "<group>";
		};
		AE214AD620F24EBA003F960D /* Network */ = {
			isa = PBXGroup;
			children = (
				AE214AD720F24EFE003F960D /* AbstractErrorParser.swift */,
				AE214AD920F24FB3003F960D /* ErrorParser.swift */,
				AE214ADB20F2526D003F960D /* ResponceCodable.swift */,
				AEA23FE720F2589800D755B0 /* AbstractRequestFactory.swift */,
				AEA23FE920F25AEE00D755B0 /* RequestRouter.swift */,
			);
			path = Network;
			sourceTree = "<group>";
		};
		AE41F99020EB779F002D96E6 = {
			isa = PBXGroup;
			children = (
				AE41F99B20EB779F002D96E6 /* av.belyaev */,
				AE41F9B020EB779F002D96E6 /* av.belyaevTests */,
				AE41F9BB20EB779F002D96E6 /* av.belyaevUITests */,
				AE41F99A20EB779F002D96E6 /* Products */,
				67F58C7E235628C49D198444 /* Pods */,
				B39C4F2208C926AA56908A85 /* Frameworks */,
			);
			sourceTree = "<group>";
		};
		AE41F99A20EB779F002D96E6 /* Products */ = {
			isa = PBXGroup;
			children = (
				AE41F99920EB779F002D96E6 /* av.belyaev.app */,
				AE41F9AD20EB779F002D96E6 /* av.belyaevTests.xctest */,
				AE41F9B820EB779F002D96E6 /* av.belyaevUITests.xctest */,
			);
			name = Products;
			sourceTree = "<group>";
		};
		AE41F99B20EB779F002D96E6 /* av.belyaev */ = {
			isa = PBXGroup;
			children = (
				AE41F9CA20EB937B002D96E6 /* App */,
				AE41F9CE20EB9449002D96E6 /* Environments */,
				AE41F9CD20EB943C002D96E6 /* Resources */,
				AE41F9CC20EB941B002D96E6 /* Core */,
			);
			path = av.belyaev;
			sourceTree = "<group>";
		};
		AE41F9B020EB779F002D96E6 /* av.belyaevTests */ = {
			isa = PBXGroup;
			children = (
				AEA27C3620FA0B37006BB525 /* TestResources */,
				AEA27C3020FA02DF006BB525 /* RequestFactoryMock.swift */,
				AE41F9B120EB779F002D96E6 /* av_belyaevTests.swift */,
				AE41F9B320EB779F002D96E6 /* Info.plist */,
				AEA27C2E20F9F997006BB525 /* ResponseCodableTest.swift */,
				AEA27C3220FA03B3006BB525 /* ErrorParserStubs.swift */,
				AEA27C3420FA04B7006BB525 /* AuthRequestFactoryTests.swift */,
				AC02C9F959C959C13E78ED42 /* UserDataRequestFactoryTests.swift */,
				AE4629B520FA426700193626 /* CatalogReguestFactoryTests.swift */,
			);
			path = av.belyaevTests;
			sourceTree = "<group>";
		};
		AE41F9BB20EB779F002D96E6 /* av.belyaevUITests */ = {
			isa = PBXGroup;
			children = (
				AE41F9BC20EB779F002D96E6 /* av_belyaevUITests.swift */,
				AE41F9BE20EB779F002D96E6 /* Info.plist */,
			);
			path = av.belyaevUITests;
			sourceTree = "<group>";
		};
		AE41F9CA20EB937B002D96E6 /* App */ = {
			isa = PBXGroup;
			children = (
				AEB394D320F273E400245DAA /* Assembly */,
				AEA23FEB20F269F600D755B0 /* Entity */,
				AE41F9CF20EB9462002D96E6 /* Flows */,
				AE41F9CB20EB93AC002D96E6 /* BussinessLogic */,
			);
			path = App;
			sourceTree = "<group>";
		};
		AE41F9CB20EB93AC002D96E6 /* BussinessLogic */ = {
			isa = PBXGroup;
			children = (
				AE41F99C20EB779F002D96E6 /* AppDelegate.swift */,
				AEB394CE20F26BA100245DAA /* Network */,
			);
			path = BussinessLogic;
			sourceTree = "<group>";
		};
		AE41F9CC20EB941B002D96E6 /* Core */ = {
			isa = PBXGroup;
			children = (
				AE214AD620F24EBA003F960D /* Network */,
			);
			path = Core;
			sourceTree = "<group>";
		};
		AE41F9CD20EB943C002D96E6 /* Resources */ = {
			isa = PBXGroup;
			children = (
				AE41F9A520EB779F002D96E6 /* LaunchScreen.storyboard */,
				AE41F9A320EB779F002D96E6 /* Assets.xcassets */,
			);
			path = Resources;
			sourceTree = "<group>";
		};
		AE41F9CE20EB9449002D96E6 /* Environments */ = {
			isa = PBXGroup;
			children = (
				AE41F9A820EB779F002D96E6 /* Info.plist */,
			);
			path = Environments;
			sourceTree = "<group>";
		};
		AE41F9CF20EB9462002D96E6 /* Flows */ = {
			isa = PBXGroup;
			children = (
			);
			path = Flows;
			sourceTree = "<group>";
		};
		AE4629A120FA232000193626 /* Stubs */ = {
			isa = PBXGroup;
			children = (
				AEA27C3720FA0B52006BB525 /* Login.json */,
				AEA27C3920FA1320006BB525 /* Logout.json */,
				AEA27C3B20FA14A5006BB525 /* Register.json */,
				AC02CC26D0E7C874CE0DBBE0 /* ChangeUserData.json */,
				AE4629AF20FA3E5500193626 /* Catalog.json */,
				AE4629B320FA41FE00193626 /* Product.json */,
			);
			path = Stubs;
			sourceTree = "<group>";
		};
		AEA23FEB20F269F600D755B0 /* Entity */ = {
			isa = PBXGroup;
			children = (
				AEA23FEC20F26A0400D755B0 /* User.swift */,
				AEB394D920F3AADA00245DAA /* RegistrationMessage.swift */,
				AEB394DF20F3B35C00245DAA /* ModificationMessage.swift */,
				AEB394E320F3BEEA00245DAA /* LogoutMessage.swift */,
				AEA27C2C20F9E782006BB525 /* UserInfo.swift */,
				AE4629AB20FA303400193626 /* ProductLight.swift */,
				AE4629AD20FA320100193626 /* ProductFull.swift */,
			);
			path = Entity;
			sourceTree = "<group>";
		};
		AEA27C3620FA0B37006BB525 /* TestResources */ = {
			isa = PBXGroup;
			children = (
				AE4629A120FA232000193626 /* Stubs */,
			);
			path = TestResources;
			sourceTree = "<group>";
		};
		AEB394CE20F26BA100245DAA /* Network */ = {
			isa = PBXGroup;
			children = (
				AEB394CF20F26BC100245DAA /* AuthRequestFactory.swift */,
				AEB394D120F26CC000245DAA /* Auth.swift */,
				AEB394DD20F3B32200245DAA /* UserDataRequestFactory.swift */,
				AEA27C2820F9E0F8006BB525 /* UserData.swift */,
				AEA27C2A20F9E11A006BB525 /* BaseRequestFactory.swift */,
				AE4629A720FA2B9C00193626 /* CatalogRequestFactory.swift */,
				AE4629A920FA2CF700193626 /* Catalog.swift */,
			);
			path = Network;
			sourceTree = "<group>";
		};
		AEB394D320F273E400245DAA /* Assembly */ = {
			isa = PBXGroup;
			children = (
				AEB394D420F2740100245DAA /* RequestFactory.swift */,
			);
			path = Assembly;
			sourceTree = "<group>";
		};
		B39C4F2208C926AA56908A85 /* Frameworks */ = {
			isa = PBXGroup;
			children = (
				5194E9C1AB5A7E08E28D1BD8 /* Pods_av_belyaev.framework */,
				86C1B3185A10CC0162A5EEDB /* Pods_av_belyaevTests.framework */,
				273649218A489231243F2C8E /* Pods_av_belyaevUITests.framework */,
			);
			name = Frameworks;
			sourceTree = "<group>";
		};
/* End PBXGroup section */

/* Begin PBXNativeTarget section */
		AE41F99820EB779F002D96E6 /* av.belyaev */ = {
			isa = PBXNativeTarget;
			buildConfigurationList = AE41F9C120EB779F002D96E6 /* Build configuration list for PBXNativeTarget "av.belyaev" */;
			buildPhases = (
				354D3E18420A950316C0D2E3 /* [CP] Check Pods Manifest.lock */,
				AE41F99520EB779F002D96E6 /* Sources */,
				AE41F99620EB779F002D96E6 /* Frameworks */,
				AE41F99720EB779F002D96E6 /* Resources */,
				93398E9422FAE813D3281220 /* [CP] Embed Pods Frameworks */,
				25EB033BC7DA197C518540CA /* [CP] Copy Pods Resources */,
			);
			buildRules = (
			);
			dependencies = (
			);
			name = av.belyaev;
			productName = av.belyaev;
			productReference = AE41F99920EB779F002D96E6 /* av.belyaev.app */;
			productType = "com.apple.product-type.application";
		};
		AE41F9AC20EB779F002D96E6 /* av.belyaevTests */ = {
			isa = PBXNativeTarget;
			buildConfigurationList = AE41F9C420EB779F002D96E6 /* Build configuration list for PBXNativeTarget "av.belyaevTests" */;
			buildPhases = (
				1F12854458021827BEF0D495 /* [CP] Check Pods Manifest.lock */,
				AE41F9A920EB779F002D96E6 /* Sources */,
				AE41F9AA20EB779F002D96E6 /* Frameworks */,
				AE41F9AB20EB779F002D96E6 /* Resources */,
				17D6DC43013086DED8FC4062 /* [CP] Embed Pods Frameworks */,
				398BD329C18DD1E6EDB5D188 /* [CP] Copy Pods Resources */,
			);
			buildRules = (
			);
			dependencies = (
				AE41F9AF20EB779F002D96E6 /* PBXTargetDependency */,
			);
			name = av.belyaevTests;
			productName = av.belyaevTests;
			productReference = AE41F9AD20EB779F002D96E6 /* av.belyaevTests.xctest */;
			productType = "com.apple.product-type.bundle.unit-test";
		};
		AE41F9B720EB779F002D96E6 /* av.belyaevUITests */ = {
			isa = PBXNativeTarget;
			buildConfigurationList = AE41F9C720EB779F002D96E6 /* Build configuration list for PBXNativeTarget "av.belyaevUITests" */;
			buildPhases = (
				3CBBF2B9B73A06B0324C9A04 /* [CP] Check Pods Manifest.lock */,
				AE41F9B420EB779F002D96E6 /* Sources */,
				AE41F9B520EB779F002D96E6 /* Frameworks */,
				AE41F9B620EB779F002D96E6 /* Resources */,
				C588A6F6264C2E829F4624C6 /* [CP] Embed Pods Frameworks */,
				77A352A465D460106427671C /* [CP] Copy Pods Resources */,
			);
			buildRules = (
			);
			dependencies = (
				AE41F9BA20EB779F002D96E6 /* PBXTargetDependency */,
			);
			name = av.belyaevUITests;
			productName = av.belyaevUITests;
			productReference = AE41F9B820EB779F002D96E6 /* av.belyaevUITests.xctest */;
			productType = "com.apple.product-type.bundle.ui-testing";
		};
/* End PBXNativeTarget section */

/* Begin PBXProject section */
		AE41F99120EB779F002D96E6 /* Project object */ = {
			isa = PBXProject;
			attributes = {
				LastSwiftUpdateCheck = 0920;
				LastUpgradeCheck = 0940;
				ORGANIZATIONNAME = "Артем Б";
				TargetAttributes = {
					AE41F99820EB779F002D96E6 = {
						CreatedOnToolsVersion = 9.2;
						ProvisioningStyle = Automatic;
					};
					AE41F9AC20EB779F002D96E6 = {
						CreatedOnToolsVersion = 9.2;
						ProvisioningStyle = Automatic;
						TestTargetID = AE41F99820EB779F002D96E6;
					};
					AE41F9B720EB779F002D96E6 = {
						CreatedOnToolsVersion = 9.2;
						ProvisioningStyle = Automatic;
						TestTargetID = AE41F99820EB779F002D96E6;
					};
				};
			};
			buildConfigurationList = AE41F99420EB779F002D96E6 /* Build configuration list for PBXProject "av.belyaev" */;
			compatibilityVersion = "Xcode 8.0";
			developmentRegion = en;
			hasScannedForEncodings = 0;
			knownRegions = (
				en,
				Base,
			);
			mainGroup = AE41F99020EB779F002D96E6;
			productRefGroup = AE41F99A20EB779F002D96E6 /* Products */;
			projectDirPath = "";
			projectRoot = "";
			targets = (
				AE41F99820EB779F002D96E6 /* av.belyaev */,
				AE41F9AC20EB779F002D96E6 /* av.belyaevTests */,
				AE41F9B720EB779F002D96E6 /* av.belyaevUITests */,
			);
		};
/* End PBXProject section */

/* Begin PBXResourcesBuildPhase section */
		AE41F99720EB779F002D96E6 /* Resources */ = {
			isa = PBXResourcesBuildPhase;
			buildActionMask = 2147483647;
			files = (
				AE4629B720FA450F00193626 /* Catalog.json in Resources */,
				AE4629B820FA450F00193626 /* Product.json in Resources */,
				AE4629A320FA25CA00193626 /* Login.json in Resources */,
				AE4629A420FA25CA00193626 /* Logout.json in Resources */,
				AE4629A520FA25CA00193626 /* Register.json in Resources */,
				AE4629A620FA25CA00193626 /* ChangeUserData.json in Resources */,
				AE41F9A720EB779F002D96E6 /* LaunchScreen.storyboard in Resources */,
				AE41F9A420EB779F002D96E6 /* Assets.xcassets in Resources */,
			);
			runOnlyForDeploymentPostprocessing = 0;
		};
		AE41F9AB20EB779F002D96E6 /* Resources */ = {
			isa = PBXResourcesBuildPhase;
			buildActionMask = 2147483647;
			files = (
				AE4629A220FA259900193626 /* ChangeUserData.json in Resources */,
				AE4629B420FA41FE00193626 /* Product.json in Resources */,
				AEA27C3C20FA14A5006BB525 /* Register.json in Resources */,
				AE4629B020FA3E5500193626 /* Catalog.json in Resources */,
				AEA27C3820FA0B52006BB525 /* Login.json in Resources */,
				AEA27C3A20FA1320006BB525 /* Logout.json in Resources */,
			);
			runOnlyForDeploymentPostprocessing = 0;
		};
		AE41F9B620EB779F002D96E6 /* Resources */ = {
			isa = PBXResourcesBuildPhase;
			buildActionMask = 2147483647;
			files = (
			);
			runOnlyForDeploymentPostprocessing = 0;
		};
/* End PBXResourcesBuildPhase section */

/* Begin PBXShellScriptBuildPhase section */
		17D6DC43013086DED8FC4062 /* [CP] Embed Pods Frameworks */ = {
			isa = PBXShellScriptBuildPhase;
			buildActionMask = 2147483647;
			files = (
			);
			inputPaths = (
			);
			name = "[CP] Embed Pods Frameworks";
			outputPaths = (
			);
			runOnlyForDeploymentPostprocessing = 0;
			shellPath = /bin/sh;
			shellScript = "\"${SRCROOT}/Pods/Target Support Files/Pods-av.belyaevTests/Pods-av.belyaevTests-frameworks.sh\"\n";
			showEnvVarsInLog = 0;
		};
		1F12854458021827BEF0D495 /* [CP] Check Pods Manifest.lock */ = {
			isa = PBXShellScriptBuildPhase;
			buildActionMask = 2147483647;
			files = (
			);
			inputPaths = (
				"${PODS_PODFILE_DIR_PATH}/Podfile.lock",
				"${PODS_ROOT}/Manifest.lock",
			);
			name = "[CP] Check Pods Manifest.lock";
			outputPaths = (
				"$(DERIVED_FILE_DIR)/Pods-av.belyaevTests-checkManifestLockResult.txt",
			);
			runOnlyForDeploymentPostprocessing = 0;
			shellPath = /bin/sh;
			shellScript = "diff \"${PODS_PODFILE_DIR_PATH}/Podfile.lock\" \"${PODS_ROOT}/Manifest.lock\" > /dev/null\nif [ $? != 0 ] ; then\n    # print error to STDERR\n    echo \"error: The sandbox is not in sync with the Podfile.lock. Run 'pod install' or update your CocoaPods installation.\" >&2\n    exit 1\nfi\n# This output is used by Xcode 'outputs' to avoid re-running this script phase.\necho \"SUCCESS\" > \"${SCRIPT_OUTPUT_FILE_0}\"\n";
			showEnvVarsInLog = 0;
		};
		25EB033BC7DA197C518540CA /* [CP] Copy Pods Resources */ = {
			isa = PBXShellScriptBuildPhase;
			buildActionMask = 2147483647;
			files = (
			);
			inputPaths = (
			);
			name = "[CP] Copy Pods Resources";
			outputPaths = (
			);
			runOnlyForDeploymentPostprocessing = 0;
			shellPath = /bin/sh;
			shellScript = "\"${SRCROOT}/Pods/Target Support Files/Pods-av.belyaev/Pods-av.belyaev-resources.sh\"\n";
			showEnvVarsInLog = 0;
		};
		354D3E18420A950316C0D2E3 /* [CP] Check Pods Manifest.lock */ = {
			isa = PBXShellScriptBuildPhase;
			buildActionMask = 2147483647;
			files = (
			);
			inputPaths = (
				"${PODS_PODFILE_DIR_PATH}/Podfile.lock",
				"${PODS_ROOT}/Manifest.lock",
			);
			name = "[CP] Check Pods Manifest.lock";
			outputPaths = (
				"$(DERIVED_FILE_DIR)/Pods-av.belyaev-checkManifestLockResult.txt",
			);
			runOnlyForDeploymentPostprocessing = 0;
			shellPath = /bin/sh;
			shellScript = "diff \"${PODS_PODFILE_DIR_PATH}/Podfile.lock\" \"${PODS_ROOT}/Manifest.lock\" > /dev/null\nif [ $? != 0 ] ; then\n    # print error to STDERR\n    echo \"error: The sandbox is not in sync with the Podfile.lock. Run 'pod install' or update your CocoaPods installation.\" >&2\n    exit 1\nfi\n# This output is used by Xcode 'outputs' to avoid re-running this script phase.\necho \"SUCCESS\" > \"${SCRIPT_OUTPUT_FILE_0}\"\n";
			showEnvVarsInLog = 0;
		};
		398BD329C18DD1E6EDB5D188 /* [CP] Copy Pods Resources */ = {
			isa = PBXShellScriptBuildPhase;
			buildActionMask = 2147483647;
			files = (
			);
			inputPaths = (
			);
			name = "[CP] Copy Pods Resources";
			outputPaths = (
			);
			runOnlyForDeploymentPostprocessing = 0;
			shellPath = /bin/sh;
			shellScript = "\"${SRCROOT}/Pods/Target Support Files/Pods-av.belyaevTests/Pods-av.belyaevTests-resources.sh\"\n";
			showEnvVarsInLog = 0;
		};
		3CBBF2B9B73A06B0324C9A04 /* [CP] Check Pods Manifest.lock */ = {
			isa = PBXShellScriptBuildPhase;
			buildActionMask = 2147483647;
			files = (
			);
			inputPaths = (
				"${PODS_PODFILE_DIR_PATH}/Podfile.lock",
				"${PODS_ROOT}/Manifest.lock",
			);
			name = "[CP] Check Pods Manifest.lock";
			outputPaths = (
				"$(DERIVED_FILE_DIR)/Pods-av.belyaevUITests-checkManifestLockResult.txt",
			);
			runOnlyForDeploymentPostprocessing = 0;
			shellPath = /bin/sh;
			shellScript = "diff \"${PODS_PODFILE_DIR_PATH}/Podfile.lock\" \"${PODS_ROOT}/Manifest.lock\" > /dev/null\nif [ $? != 0 ] ; then\n    # print error to STDERR\n    echo \"error: The sandbox is not in sync with the Podfile.lock. Run 'pod install' or update your CocoaPods installation.\" >&2\n    exit 1\nfi\n# This output is used by Xcode 'outputs' to avoid re-running this script phase.\necho \"SUCCESS\" > \"${SCRIPT_OUTPUT_FILE_0}\"\n";
			showEnvVarsInLog = 0;
		};
		77A352A465D460106427671C /* [CP] Copy Pods Resources */ = {
			isa = PBXShellScriptBuildPhase;
			buildActionMask = 2147483647;
			files = (
			);
			inputPaths = (
			);
			name = "[CP] Copy Pods Resources";
			outputPaths = (
			);
			runOnlyForDeploymentPostprocessing = 0;
			shellPath = /bin/sh;
			shellScript = "\"${SRCROOT}/Pods/Target Support Files/Pods-av.belyaevUITests/Pods-av.belyaevUITests-resources.sh\"\n";
			showEnvVarsInLog = 0;
		};
		93398E9422FAE813D3281220 /* [CP] Embed Pods Frameworks */ = {
			isa = PBXShellScriptBuildPhase;
			buildActionMask = 2147483647;
			files = (
			);
			inputPaths = (
				"${SRCROOT}/Pods/Target Support Files/Pods-av.belyaev/Pods-av.belyaev-frameworks.sh",
				"${BUILT_PRODUCTS_DIR}/Alamofire/Alamofire.framework",
				"${BUILT_PRODUCTS_DIR}/OHHTTPStubs/OHHTTPStubs.framework",
			);
			name = "[CP] Embed Pods Frameworks";
			outputPaths = (
				"${TARGET_BUILD_DIR}/${FRAMEWORKS_FOLDER_PATH}/Alamofire.framework",
				"${TARGET_BUILD_DIR}/${FRAMEWORKS_FOLDER_PATH}/OHHTTPStubs.framework",
			);
			runOnlyForDeploymentPostprocessing = 0;
			shellPath = /bin/sh;
			shellScript = "\"${SRCROOT}/Pods/Target Support Files/Pods-av.belyaev/Pods-av.belyaev-frameworks.sh\"\n";
			showEnvVarsInLog = 0;
		};
		C588A6F6264C2E829F4624C6 /* [CP] Embed Pods Frameworks */ = {
			isa = PBXShellScriptBuildPhase;
			buildActionMask = 2147483647;
			files = (
			);
			inputPaths = (
			);
			name = "[CP] Embed Pods Frameworks";
			outputPaths = (
			);
			runOnlyForDeploymentPostprocessing = 0;
			shellPath = /bin/sh;
			shellScript = "\"${SRCROOT}/Pods/Target Support Files/Pods-av.belyaevUITests/Pods-av.belyaevUITests-frameworks.sh\"\n";
			showEnvVarsInLog = 0;
		};
/* End PBXShellScriptBuildPhase section */

/* Begin PBXSourcesBuildPhase section */
		AE41F99520EB779F002D96E6 /* Sources */ = {
			isa = PBXSourcesBuildPhase;
			buildActionMask = 2147483647;
			files = (
				AE4629AC20FA303400193626 /* ProductLight.swift in Sources */,
				AE4629AE20FA320100193626 /* ProductFull.swift in Sources */,
				AEB394E020F3B35C00245DAA /* ModificationMessage.swift in Sources */,
				AEA23FE820F2589800D755B0 /* AbstractRequestFactory.swift in Sources */,
				AE4629A820FA2B9C00193626 /* CatalogRequestFactory.swift in Sources */,
				AE41F99D20EB779F002D96E6 /* AppDelegate.swift in Sources */,
				AEB394E420F3BEEA00245DAA /* LogoutMessage.swift in Sources */,
				AEA23FEA20F25AEE00D755B0 /* RequestRouter.swift in Sources */,
				AEA27C2D20F9E782006BB525 /* UserInfo.swift in Sources */,
				AE214ADC20F2526D003F960D /* ResponceCodable.swift in Sources */,
				AE214ADA20F24FB3003F960D /* ErrorParser.swift in Sources */,
				AEA27C2B20F9E11A006BB525 /* BaseRequestFactory.swift in Sources */,
				AE214AD820F24EFE003F960D /* AbstractErrorParser.swift in Sources */,
				AEB394D520F2740100245DAA /* RequestFactory.swift in Sources */,
				AEB394DA20F3AADA00245DAA /* RegistrationMessage.swift in Sources */,
				AE4629AA20FA2CF700193626 /* Catalog.swift in Sources */,
				AEB394D020F26BC100245DAA /* AuthRequestFactory.swift in Sources */,
				AEA23FED20F26A0400D755B0 /* User.swift in Sources */,
				AEB394DE20F3B32200245DAA /* UserDataRequestFactory.swift in Sources */,
				AEA27C2920F9E0F8006BB525 /* UserData.swift in Sources */,
				AEB394D220F26CC000245DAA /* Auth.swift in Sources */,
			);
			runOnlyForDeploymentPostprocessing = 0;
		};
		AE41F9A920EB779F002D96E6 /* Sources */ = {
			isa = PBXSourcesBuildPhase;
			buildActionMask = 2147483647;
			files = (
				AEA27C3520FA04B7006BB525 /* AuthRequestFactoryTests.swift in Sources */,
				AE4629B620FA426700193626 /* CatalogReguestFactoryTests.swift in Sources */,
				AEA27C3120FA02E0006BB525 /* RequestFactoryMock.swift in Sources */,
				AEA27C3320FA03B3006BB525 /* ErrorParserStubs.swift in Sources */,
				AE41F9B220EB779F002D96E6 /* av_belyaevTests.swift in Sources */,
				AEA27C2F20F9F997006BB525 /* ResponseCodableTest.swift in Sources */,
				AC02CB22C517A3452D51B861 /* UserDataRequestFactoryTests.swift in Sources */,
			);
			runOnlyForDeploymentPostprocessing = 0;
		};
		AE41F9B420EB779F002D96E6 /* Sources */ = {
			isa = PBXSourcesBuildPhase;
			buildActionMask = 2147483647;
			files = (
				AE41F9BD20EB779F002D96E6 /* av_belyaevUITests.swift in Sources */,
			);
			runOnlyForDeploymentPostprocessing = 0;
		};
/* End PBXSourcesBuildPhase section */

/* Begin PBXTargetDependency section */
		AE41F9AF20EB779F002D96E6 /* PBXTargetDependency */ = {
			isa = PBXTargetDependency;
			target = AE41F99820EB779F002D96E6 /* av.belyaev */;
			targetProxy = AE41F9AE20EB779F002D96E6 /* PBXContainerItemProxy */;
		};
		AE41F9BA20EB779F002D96E6 /* PBXTargetDependency */ = {
			isa = PBXTargetDependency;
			target = AE41F99820EB779F002D96E6 /* av.belyaev */;
			targetProxy = AE41F9B920EB779F002D96E6 /* PBXContainerItemProxy */;
		};
/* End PBXTargetDependency section */

/* Begin PBXVariantGroup section */
		AE41F9A520EB779F002D96E6 /* LaunchScreen.storyboard */ = {
			isa = PBXVariantGroup;
			children = (
				AE41F9A620EB779F002D96E6 /* Base */,
			);
			name = LaunchScreen.storyboard;
			sourceTree = "<group>";
		};
/* End PBXVariantGroup section */

/* Begin XCBuildConfiguration section */
		AE41F9BF20EB779F002D96E6 /* Debug */ = {
			isa = XCBuildConfiguration;
			buildSettings = {
				ALWAYS_SEARCH_USER_PATHS = NO;
				CLANG_ANALYZER_NONNULL = YES;
				CLANG_ANALYZER_NUMBER_OBJECT_CONVERSION = YES_AGGRESSIVE;
				CLANG_CXX_LANGUAGE_STANDARD = "gnu++14";
				CLANG_CXX_LIBRARY = "libc++";
				CLANG_ENABLE_MODULES = YES;
				CLANG_ENABLE_OBJC_ARC = YES;
				CLANG_WARN_BLOCK_CAPTURE_AUTORELEASING = YES;
				CLANG_WARN_BOOL_CONVERSION = YES;
				CLANG_WARN_COMMA = YES;
				CLANG_WARN_CONSTANT_CONVERSION = YES;
				CLANG_WARN_DEPRECATED_OBJC_IMPLEMENTATIONS = YES;
				CLANG_WARN_DIRECT_OBJC_ISA_USAGE = YES_ERROR;
				CLANG_WARN_DOCUMENTATION_COMMENTS = YES;
				CLANG_WARN_EMPTY_BODY = YES;
				CLANG_WARN_ENUM_CONVERSION = YES;
				CLANG_WARN_INFINITE_RECURSION = YES;
				CLANG_WARN_INT_CONVERSION = YES;
				CLANG_WARN_NON_LITERAL_NULL_CONVERSION = YES;
				CLANG_WARN_OBJC_IMPLICIT_RETAIN_SELF = YES;
				CLANG_WARN_OBJC_LITERAL_CONVERSION = YES;
				CLANG_WARN_OBJC_ROOT_CLASS = YES_ERROR;
				CLANG_WARN_RANGE_LOOP_ANALYSIS = YES;
				CLANG_WARN_STRICT_PROTOTYPES = YES;
				CLANG_WARN_SUSPICIOUS_MOVE = YES;
				CLANG_WARN_UNGUARDED_AVAILABILITY = YES_AGGRESSIVE;
				CLANG_WARN_UNREACHABLE_CODE = YES;
				CLANG_WARN__DUPLICATE_METHOD_MATCH = YES;
				CODE_SIGN_IDENTITY = "iPhone Developer";
				COPY_PHASE_STRIP = NO;
				DEBUG_INFORMATION_FORMAT = dwarf;
				ENABLE_STRICT_OBJC_MSGSEND = YES;
				ENABLE_TESTABILITY = YES;
				GCC_C_LANGUAGE_STANDARD = gnu11;
				GCC_DYNAMIC_NO_PIC = NO;
				GCC_NO_COMMON_BLOCKS = YES;
				GCC_OPTIMIZATION_LEVEL = 0;
				GCC_PREPROCESSOR_DEFINITIONS = (
					"DEBUG=1",
					"$(inherited)",
				);
				GCC_WARN_64_TO_32_BIT_CONVERSION = YES;
				GCC_WARN_ABOUT_RETURN_TYPE = YES_ERROR;
				GCC_WARN_UNDECLARED_SELECTOR = YES;
				GCC_WARN_UNINITIALIZED_AUTOS = YES_AGGRESSIVE;
				GCC_WARN_UNUSED_FUNCTION = YES;
				GCC_WARN_UNUSED_VARIABLE = YES;
				IPHONEOS_DEPLOYMENT_TARGET = 11.2;
				MTL_ENABLE_DEBUG_INFO = YES;
				ONLY_ACTIVE_ARCH = YES;
				SDKROOT = iphoneos;
				SWIFT_ACTIVE_COMPILATION_CONDITIONS = DEBUG;
				SWIFT_OPTIMIZATION_LEVEL = "-Onone";
			};
			name = Debug;
		};
		AE41F9C020EB779F002D96E6 /* Release */ = {
			isa = XCBuildConfiguration;
			buildSettings = {
				ALWAYS_SEARCH_USER_PATHS = NO;
				CLANG_ANALYZER_NONNULL = YES;
				CLANG_ANALYZER_NUMBER_OBJECT_CONVERSION = YES_AGGRESSIVE;
				CLANG_CXX_LANGUAGE_STANDARD = "gnu++14";
				CLANG_CXX_LIBRARY = "libc++";
				CLANG_ENABLE_MODULES = YES;
				CLANG_ENABLE_OBJC_ARC = YES;
				CLANG_WARN_BLOCK_CAPTURE_AUTORELEASING = YES;
				CLANG_WARN_BOOL_CONVERSION = YES;
				CLANG_WARN_COMMA = YES;
				CLANG_WARN_CONSTANT_CONVERSION = YES;
				CLANG_WARN_DEPRECATED_OBJC_IMPLEMENTATIONS = YES;
				CLANG_WARN_DIRECT_OBJC_ISA_USAGE = YES_ERROR;
				CLANG_WARN_DOCUMENTATION_COMMENTS = YES;
				CLANG_WARN_EMPTY_BODY = YES;
				CLANG_WARN_ENUM_CONVERSION = YES;
				CLANG_WARN_INFINITE_RECURSION = YES;
				CLANG_WARN_INT_CONVERSION = YES;
				CLANG_WARN_NON_LITERAL_NULL_CONVERSION = YES;
				CLANG_WARN_OBJC_IMPLICIT_RETAIN_SELF = YES;
				CLANG_WARN_OBJC_LITERAL_CONVERSION = YES;
				CLANG_WARN_OBJC_ROOT_CLASS = YES_ERROR;
				CLANG_WARN_RANGE_LOOP_ANALYSIS = YES;
				CLANG_WARN_STRICT_PROTOTYPES = YES;
				CLANG_WARN_SUSPICIOUS_MOVE = YES;
				CLANG_WARN_UNGUARDED_AVAILABILITY = YES_AGGRESSIVE;
				CLANG_WARN_UNREACHABLE_CODE = YES;
				CLANG_WARN__DUPLICATE_METHOD_MATCH = YES;
				CODE_SIGN_IDENTITY = "iPhone Developer";
				COPY_PHASE_STRIP = NO;
				DEBUG_INFORMATION_FORMAT = "dwarf-with-dsym";
				ENABLE_NS_ASSERTIONS = NO;
				ENABLE_STRICT_OBJC_MSGSEND = YES;
				GCC_C_LANGUAGE_STANDARD = gnu11;
				GCC_NO_COMMON_BLOCKS = YES;
				GCC_WARN_64_TO_32_BIT_CONVERSION = YES;
				GCC_WARN_ABOUT_RETURN_TYPE = YES_ERROR;
				GCC_WARN_UNDECLARED_SELECTOR = YES;
				GCC_WARN_UNINITIALIZED_AUTOS = YES_AGGRESSIVE;
				GCC_WARN_UNUSED_FUNCTION = YES;
				GCC_WARN_UNUSED_VARIABLE = YES;
				IPHONEOS_DEPLOYMENT_TARGET = 11.2;
				MTL_ENABLE_DEBUG_INFO = NO;
				SDKROOT = iphoneos;
				SWIFT_OPTIMIZATION_LEVEL = "-Owholemodule";
				VALIDATE_PRODUCT = YES;
			};
			name = Release;
		};
		AE41F9C220EB779F002D96E6 /* Debug */ = {
			isa = XCBuildConfiguration;
			baseConfigurationReference = 48C01E5B66EBCCB82FED80A7 /* Pods-av.belyaev.debug.xcconfig */;
			buildSettings = {
				ASSETCATALOG_COMPILER_APPICON_NAME = AppIcon;
				CODE_SIGN_STYLE = Automatic;
				DEVELOPMENT_TEAM = DY58N6J6Q3;
				INFOPLIST_FILE = av.belyaev/Environments/Info.plist;
				LD_RUNPATH_SEARCH_PATHS = "$(inherited) @executable_path/Frameworks";
				PRODUCT_BUNDLE_IDENTIFIER = "ZC.av-belyaev";
				PRODUCT_NAME = "$(TARGET_NAME)";
				SWIFT_VERSION = 4.0;
				TARGETED_DEVICE_FAMILY = "1,2";
			};
			name = Debug;
		};
		AE41F9C320EB779F002D96E6 /* Release */ = {
			isa = XCBuildConfiguration;
			baseConfigurationReference = 9DBB73AC05789BCB3FC954A4 /* Pods-av.belyaev.release.xcconfig */;
			buildSettings = {
				ASSETCATALOG_COMPILER_APPICON_NAME = AppIcon;
				CODE_SIGN_STYLE = Automatic;
				DEVELOPMENT_TEAM = DY58N6J6Q3;
				INFOPLIST_FILE = av.belyaev/Environments/Info.plist;
				LD_RUNPATH_SEARCH_PATHS = "$(inherited) @executable_path/Frameworks";
				PRODUCT_BUNDLE_IDENTIFIER = "ZC.av-belyaev";
				PRODUCT_NAME = "$(TARGET_NAME)";
				SWIFT_VERSION = 4.0;
				TARGETED_DEVICE_FAMILY = "1,2";
			};
			name = Release;
		};
		AE41F9C520EB779F002D96E6 /* Debug */ = {
			isa = XCBuildConfiguration;
			baseConfigurationReference = CD5CC5E9BEE7BBC44351770F /* Pods-av.belyaevTests.debug.xcconfig */;
			buildSettings = {
				ALWAYS_EMBED_SWIFT_STANDARD_LIBRARIES = YES;
				BUNDLE_LOADER = "$(TEST_HOST)";
				CODE_SIGN_STYLE = Automatic;
				DEVELOPMENT_TEAM = DY58N6J6Q3;
				INFOPLIST_FILE = av.belyaevTests/Info.plist;
				LD_RUNPATH_SEARCH_PATHS = "$(inherited) @executable_path/Frameworks @loader_path/Frameworks";
				PRODUCT_BUNDLE_IDENTIFIER = "ZC.av-belyaevTests";
				PRODUCT_NAME = "$(TARGET_NAME)";
				SWIFT_VERSION = 4.0;
				TARGETED_DEVICE_FAMILY = "1,2";
				TEST_HOST = "$(BUILT_PRODUCTS_DIR)/av.belyaev.app/av.belyaev";
			};
			name = Debug;
		};
		AE41F9C620EB779F002D96E6 /* Release */ = {
			isa = XCBuildConfiguration;
			baseConfigurationReference = E8358817210F57FA0E73DBA0 /* Pods-av.belyaevTests.release.xcconfig */;
			buildSettings = {
				ALWAYS_EMBED_SWIFT_STANDARD_LIBRARIES = YES;
				BUNDLE_LOADER = "$(TEST_HOST)";
				CODE_SIGN_STYLE = Automatic;
				DEVELOPMENT_TEAM = DY58N6J6Q3;
				INFOPLIST_FILE = av.belyaevTests/Info.plist;
				LD_RUNPATH_SEARCH_PATHS = "$(inherited) @executable_path/Frameworks @loader_path/Frameworks";
				PRODUCT_BUNDLE_IDENTIFIER = "ZC.av-belyaevTests";
				PRODUCT_NAME = "$(TARGET_NAME)";
				SWIFT_VERSION = 4.0;
				TARGETED_DEVICE_FAMILY = "1,2";
				TEST_HOST = "$(BUILT_PRODUCTS_DIR)/av.belyaev.app/av.belyaev";
			};
			name = Release;
		};
		AE41F9C820EB779F002D96E6 /* Debug */ = {
			isa = XCBuildConfiguration;
			baseConfigurationReference = 3A9994B3A23D734A0C11BD17 /* Pods-av.belyaevUITests.debug.xcconfig */;
			buildSettings = {
				ALWAYS_EMBED_SWIFT_STANDARD_LIBRARIES = YES;
				CODE_SIGN_STYLE = Automatic;
				DEVELOPMENT_TEAM = DY58N6J6Q3;
				INFOPLIST_FILE = av.belyaevUITests/Info.plist;
				LD_RUNPATH_SEARCH_PATHS = "$(inherited) @executable_path/Frameworks @loader_path/Frameworks";
				PRODUCT_BUNDLE_IDENTIFIER = "ZC.av-belyaevUITests";
				PRODUCT_NAME = "$(TARGET_NAME)";
				SWIFT_VERSION = 4.0;
				TARGETED_DEVICE_FAMILY = "1,2";
				TEST_TARGET_NAME = av.belyaev;
			};
			name = Debug;
		};
		AE41F9C920EB779F002D96E6 /* Release */ = {
			isa = XCBuildConfiguration;
			baseConfigurationReference = 18961FED03253CEF6D3D31FC /* Pods-av.belyaevUITests.release.xcconfig */;
			buildSettings = {
				ALWAYS_EMBED_SWIFT_STANDARD_LIBRARIES = YES;
				CODE_SIGN_STYLE = Automatic;
				DEVELOPMENT_TEAM = DY58N6J6Q3;
				INFOPLIST_FILE = av.belyaevUITests/Info.plist;
				LD_RUNPATH_SEARCH_PATHS = "$(inherited) @executable_path/Frameworks @loader_path/Frameworks";
				PRODUCT_BUNDLE_IDENTIFIER = "ZC.av-belyaevUITests";
				PRODUCT_NAME = "$(TARGET_NAME)";
				SWIFT_VERSION = 4.0;
				TARGETED_DEVICE_FAMILY = "1,2";
				TEST_TARGET_NAME = av.belyaev;
			};
			name = Release;
		};
/* End XCBuildConfiguration section */

/* Begin XCConfigurationList section */
		AE41F99420EB779F002D96E6 /* Build configuration list for PBXProject "av.belyaev" */ = {
			isa = XCConfigurationList;
			buildConfigurations = (
				AE41F9BF20EB779F002D96E6 /* Debug */,
				AE41F9C020EB779F002D96E6 /* Release */,
			);
			defaultConfigurationIsVisible = 0;
			defaultConfigurationName = Release;
		};
		AE41F9C120EB779F002D96E6 /* Build configuration list for PBXNativeTarget "av.belyaev" */ = {
			isa = XCConfigurationList;
			buildConfigurations = (
				AE41F9C220EB779F002D96E6 /* Debug */,
				AE41F9C320EB779F002D96E6 /* Release */,
			);
			defaultConfigurationIsVisible = 0;
			defaultConfigurationName = Release;
		};
		AE41F9C420EB779F002D96E6 /* Build configuration list for PBXNativeTarget "av.belyaevTests" */ = {
			isa = XCConfigurationList;
			buildConfigurations = (
				AE41F9C520EB779F002D96E6 /* Debug */,
				AE41F9C620EB779F002D96E6 /* Release */,
			);
			defaultConfigurationIsVisible = 0;
			defaultConfigurationName = Release;
		};
		AE41F9C720EB779F002D96E6 /* Build configuration list for PBXNativeTarget "av.belyaevUITests" */ = {
			isa = XCConfigurationList;
			buildConfigurations = (
				AE41F9C820EB779F002D96E6 /* Debug */,
				AE41F9C920EB779F002D96E6 /* Release */,
			);
			defaultConfigurationIsVisible = 0;
			defaultConfigurationName = Release;
		};
/* End XCConfigurationList section */
	};
	rootObject = AE41F99120EB779F002D96E6 /* Project object */;
}
